
Microsoft Visual Studio Solution File, Format Version 12.00
# Visual Studio Version 17
VisualStudioVersion = 17.0.31903.59
MinimumVisualStudioVersion = 10.0.40219.1
Project("{2150E333-8FDC-42A3-9474-1A3956D46DE8}") = "OpenSkills.Cli", "OpenSkills.Cli", "{E370A78F-C1DF-896C-5BAB-3A61BE476CFC}"
EndProject
Project("{FAE04EC0-301F-11D3-BF4B-00C04F79EFBC}") = "OpenSkills.Cli", "OpenSkills.Cli\OpenSkills.Cli\OpenSkills.Cli.csproj", "{B3A88AEC-260C-4AC2-909B-24707023100E}"
EndProject
Global
	GlobalSection(SolutionConfigurationPlatforms) = preSolution
		Debug|Any CPU = Debug|Any CPU
		Debug|x64 = Debug|x64
		Debug|x86 = Debug|x86
		Release|Any CPU = Release|Any CPU
		Release|x64 = Release|x64
		Release|x86 = Release|x86
	EndGlobalSection
	GlobalSection(ProjectConfigurationPlatforms) = postSolution
		{B3A88AEC-260C-4AC2-909B-24707023100E}.Debug|Any CPU.ActiveCfg = Debug|Any CPU
		{B3A88AEC-260C-4AC2-909B-24707023100E}.Debug|Any CPU.Build.0 = Debug|Any CPU
		{B3A88AEC-260C-4AC2-909B-24707023100E}.Debug|x64.ActiveCfg = Debug|Any CPU
		{B3A88AEC-260C-4AC2-909B-24707023100E}.Debug|x64.Build.0 = Debug|Any CPU
		{B3A88AEC-260C-4AC2-909B-24707023100E}.Debug|x86.ActiveCfg = Debug|Any CPU
		{B3A88AEC-260C-4AC2-909B-24707023100E}.Debug|x86.Build.0 = Debug|Any CPU
		{B3A88AEC-260C-4AC2-909B-24707023100E}.Release|Any CPU.ActiveCfg = Release|Any CPU
		{B3A88AEC-260C-4AC2-909B-24707023100E}.Release|Any CPU.Build.0 = Release|Any CPU
		{B3A88AEC-260C-4AC2-909B-24707023100E}.Release|x64.ActiveCfg = Release|Any CPU
		{B3A88AEC-260C-4AC2-909B-24707023100E}.Release|x64.Build.0 = Release|Any CPU
		{B3A88AEC-260C-4AC2-909B-24707023100E}.Release|x86.ActiveCfg = Release|Any CPU
		{B3A88AEC-260C-4AC2-909B-24707023100E}.Release|x86.Build.0 = Release|Any CPU
	EndGlobalSection
	GlobalSection(SolutionProperties) = preSolution
		HideSolutionNode = FALSE
	EndGlobalSection
	GlobalSection(NestedProjects) = preSolution
		{B3A88AEC-260C-4AC2-909B-24707023100E} = {E370A78F-C1DF-896C-5BAB-3A61BE476CFC}
	EndGlobalSection
EndGlobal
